
Microsoft Visual Studio Solution File, Format Version 12.00
# Visual Studio Version 17
VisualStudioVersion = 17.8.34601.278
MinimumVisualStudioVersion = 10.0.40219.1
Project("{9A19103F-16F7-4668-BE54-9A1E7A4F7556}") = "ClienteProjeto.Domain", "ClienteProduto.Domain\ClienteProjeto.Domain.csproj", "{59D6EFED-CBA2-4CE0-91E2-87D5EDA7ED31}"
EndProject
Project("{9A19103F-16F7-4668-BE54-9A1E7A4F7556}") = "ClienteProjeto.Application", "ClienteProjeto.Application\ClienteProjeto.Application.csproj", "{EC8ECF7A-A19B-44CF-B861-EE8B654A788B}"
EndProject
Project("{9A19103F-16F7-4668-BE54-9A1E7A4F7556}") = "ClienteProjeto.Infrastructure", "ClienteProjeto.Infrastructure\ClienteProjeto.Infrastructure.csproj", "{F06E6C02-B92D-4ACB-817A-C40BC6D86C55}"
EndProject
Project("{9A19103F-16F7-4668-BE54-9A1E7A4F7556}") = "ClienteProjeto.CrossCutting", "ClienteProjeto.CrossCutting\ClienteProjeto.CrossCutting.csproj", "{FC8D26F8-23F9-4E95-9255-CF9EE1F90ACC}"
EndProject
Project("{9A19103F-16F7-4668-BE54-9A1E7A4F7556}") = "ClienteProjeto.API", "ClienteProjeto.API\ClienteProjeto.API.csproj", "{AD4A7C8C-CB6B-450A-8B6C-B40C819A1DA4}"
EndProject
Project("{2150E333-8FDC-42A3-9474-1A3956D46DE8}") = "Relatorios", "Relatorios", "{02EA681E-C7D8-13C7-8484-4AC65E1B71E8}"
EndProject
Project("{FAE04EC0-301F-11D3-BF4B-00C04F79EFBC}") = "RelatoriosProjeto", "RelatoriosProjeto\RelatoriosProjeto.csproj", "{05380F4C-04FD-4F36-ABAF-AE4F1B72242F}"
	ProjectSection(ProjectDependencies) = postProject
		{02002198-0EA4-4189-8050-739F3E1EA10A} = {02002198-0EA4-4189-8050-739F3E1EA10A}
	EndProjectSection
EndProject
Project("{FAE04EC0-301F-11D3-BF4B-00C04F79EFBC}") = "ClienteProjeto.Nucleo", "ClienteProjeto.Nucleo\ClienteProjeto.Nucleo.csproj", "{02002198-0EA4-4189-8050-739F3E1EA10A}"
EndProject
Project("{FAE04EC0-301F-11D3-BF4B-00C04F79EFBC}") = "Relatorio.Dto", "Relatorio.Dto\Relatorio.Dto.csproj", "{27F14F36-AEE1-473B-AB63-6E485CA805A5}"
EndProject
Global
	GlobalSection(SolutionConfigurationPlatforms) = preSolution
		Debug|Any CPU = Debug|Any CPU
		Release|Any CPU = Release|Any CPU
	EndGlobalSection
	GlobalSection(ProjectConfigurationPlatforms) = postSolution
		{59D6EFED-CBA2-4CE0-91E2-87D5EDA7ED31}.Debug|Any CPU.ActiveCfg = Debug|Any CPU
		{59D6EFED-CBA2-4CE0-91E2-87D5EDA7ED31}.Debug|Any CPU.Build.0 = Debug|Any CPU
		{59D6EFED-CBA2-4CE0-91E2-87D5EDA7ED31}.Release|Any CPU.ActiveCfg = Release|Any CPU
		{59D6EFED-CBA2-4CE0-91E2-87D5EDA7ED31}.Release|Any CPU.Build.0 = Release|Any CPU
		{EC8ECF7A-A19B-44CF-B861-EE8B654A788B}.Debug|Any CPU.ActiveCfg = Debug|Any CPU
		{EC8ECF7A-A19B-44CF-B861-EE8B654A788B}.Debug|Any CPU.Build.0 = Debug|Any CPU
		{EC8ECF7A-A19B-44CF-B861-EE8B654A788B}.Release|Any CPU.ActiveCfg = Release|Any CPU
		{EC8ECF7A-A19B-44CF-B861-EE8B654A788B}.Release|Any CPU.Build.0 = Release|Any CPU
		{F06E6C02-B92D-4ACB-817A-C40BC6D86C55}.Debug|Any CPU.ActiveCfg = Debug|Any CPU
		{F06E6C02-B92D-4ACB-817A-C40BC6D86C55}.Debug|Any CPU.Build.0 = Debug|Any CPU
		{F06E6C02-B92D-4ACB-817A-C40BC6D86C55}.Release|Any CPU.ActiveCfg = Release|Any CPU
		{F06E6C02-B92D-4ACB-817A-C40BC6D86C55}.Release|Any CPU.Build.0 = Release|Any CPU
		{FC8D26F8-23F9-4E95-9255-CF9EE1F90ACC}.Debug|Any CPU.ActiveCfg = Debug|Any CPU
		{FC8D26F8-23F9-4E95-9255-CF9EE1F90ACC}.Debug|Any CPU.Build.0 = Debug|Any CPU
		{FC8D26F8-23F9-4E95-9255-CF9EE1F90ACC}.Release|Any CPU.ActiveCfg = Release|Any CPU
		{FC8D26F8-23F9-4E95-9255-CF9EE1F90ACC}.Release|Any CPU.Build.0 = Release|Any CPU
		{AD4A7C8C-CB6B-450A-8B6C-B40C819A1DA4}.Debug|Any CPU.ActiveCfg = Debug|Any CPU
		{AD4A7C8C-CB6B-450A-8B6C-B40C819A1DA4}.Debug|Any CPU.Build.0 = Debug|Any CPU
		{AD4A7C8C-CB6B-450A-8B6C-B40C819A1DA4}.Release|Any CPU.ActiveCfg = Release|Any CPU
		{AD4A7C8C-CB6B-450A-8B6C-B40C819A1DA4}.Release|Any CPU.Build.0 = Release|Any CPU
		{05380F4C-04FD-4F36-ABAF-AE4F1B72242F}.Debug|Any CPU.ActiveCfg = Debug|Any CPU
		{05380F4C-04FD-4F36-ABAF-AE4F1B72242F}.Debug|Any CPU.Build.0 = Debug|Any CPU
		{05380F4C-04FD-4F36-ABAF-AE4F1B72242F}.Release|Any CPU.ActiveCfg = Release|Any CPU
		{05380F4C-04FD-4F36-ABAF-AE4F1B72242F}.Release|Any CPU.Build.0 = Release|Any CPU
		{02002198-0EA4-4189-8050-739F3E1EA10A}.Debug|Any CPU.ActiveCfg = Debug|Any CPU
		{02002198-0EA4-4189-8050-739F3E1EA10A}.Debug|Any CPU.Build.0 = Debug|Any CPU
		{02002198-0EA4-4189-8050-739F3E1EA10A}.Release|Any CPU.ActiveCfg = Release|Any CPU
		{02002198-0EA4-4189-8050-739F3E1EA10A}.Release|Any CPU.Build.0 = Release|Any CPU
		{27F14F36-AEE1-473B-AB63-6E485CA805A5}.Debug|Any CPU.ActiveCfg = Debug|Any CPU
		{27F14F36-AEE1-473B-AB63-6E485CA805A5}.Debug|Any CPU.Build.0 = Debug|Any CPU
		{27F14F36-AEE1-473B-AB63-6E485CA805A5}.Release|Any CPU.ActiveCfg = Release|Any CPU
		{27F14F36-AEE1-473B-AB63-6E485CA805A5}.Release|Any CPU.Build.0 = Release|Any CPU
	EndGlobalSection
	GlobalSection(SolutionProperties) = preSolution
		HideSolutionNode = FALSE
	EndGlobalSection
	GlobalSection(NestedProjects) = preSolution
		{05380F4C-04FD-4F36-ABAF-AE4F1B72242F} = {02EA681E-C7D8-13C7-8484-4AC65E1B71E8}
		{27F14F36-AEE1-473B-AB63-6E485CA805A5} = {02EA681E-C7D8-13C7-8484-4AC65E1B71E8}
	EndGlobalSection
	GlobalSection(ExtensibilityGlobals) = postSolution
		SolutionGuid = {4CEFB537-15E3-45F0-BA49-33787DA717B7}
	EndGlobalSection
EndGlobal
